{
	"requires": true,
	"lockfileVersion": 1,
	"dependencies": {
		"@wmfs/tymly": {
			"version": "1.23.0",
			"resolved": "https://registry.npmjs.org/@wmfs/tymly/-/tymly-1.23.0.tgz",
			"integrity": "sha512-1h4+jew3xwmUUBf1efW6zw/K2Zn6M2aV5mJj1ltgS1x7+b+/N5w/q7WgvuRLHvD8//NjwwRMjud91IO/8AAvUw==",
			"requires": {
				"@wmfs/rbac": "1.1.1",
				"@wmfs/statebox": "1.4.1",
				"async": "2.6.1",
				"boom": "7.2.0",
				"cls-hooked": "4.2.2",
				"debug": "3.1.0",
				"dottie": "2.0.0",
				"esprima": "4.0.1",
				"glob": "7.1.3",
				"jsonpath": "1.0.0",
				"jsonschema": "1.2.4",
				"lodash": "4.17.10",
				"lru-cache": "4.1.3",
				"mkdirp": "0.5.1",
				"moment": "2.22.2",
				"mongodb-extended-json": "1.10.0",
				"nanoid": "1.2.3",
				"read-pkg-up": "4.0.0",
				"split": "1.0.1",
				"sprintf-js": "1.1.1",
				"underscore-query": "3.3.2",
				"upath": "1.1.0",
				"uuid": "3.3.2"
			},
			"dependencies": {
				"@wmfs/asl-choice-processor": {
					"version": "1.2.0",
					"resolved": "https://registry.npmjs.org/@wmfs/asl-choice-processor/-/asl-choice-processor-1.2.0.tgz",
					"integrity": "sha512-MwBtsWBXZVcc3OJvT9QRjkeXWdPfPU8ty7LJC3eV3KIiFsaXWrxnUzWsBttd4P4Q/EHnqYq7rrVIM+JZ2p1RhA==",
					"requires": {
						"boom": "7.2.0",
						"debug": "3.1.0",
						"jsonpath": "1.0.0",
						"lodash": "4.17.10"
					}
				},
				"@wmfs/rbac": {
					"version": "1.1.1",
					"resolved": "https://registry.npmjs.org/@wmfs/rbac/-/rbac-1.1.1.tgz",
					"integrity": "sha512-vlWq8SZ/PkoWMpy7MybZzHbkTXOC/J2vab+7yDjfYnmsZktK4kZ37mVmbWncon1hHRVGyRg9YdfSNjUnrSw06g==",
					"requires": {
						"dottie": "2.0.0"
					}
				},
				"@wmfs/statebox": {
					"version": "1.4.1",
					"resolved": "https://registry.npmjs.org/@wmfs/statebox/-/statebox-1.4.1.tgz",
					"integrity": "sha512-u3kFm/wh1RLpc0k7y4TqROHIVmmv3HC+ScZHyLnttiAN4X23BZCNgb5ksgozGpedSoJfiwhQcazs0SCV9bYjFw==",
					"requires": {
						"@wmfs/asl-choice-processor": "1.2.0",
						"async": "2.6.1",
						"boom": "7.2.0",
						"debug": "3.1.0",
						"deepmerge": "2.1.1",
						"dottie": "2.0.0",
						"jsonpath": "1.0.0",
						"lodash": "4.17.10",
						"uuid": "3.3.2"
					}
				},
				"JSONSelect": {
					"version": "0.4.0",
					"resolved": "https://registry.npmjs.org/JSONSelect/-/JSONSelect-0.4.0.tgz",
					"integrity": "sha1-oI7cxn6z/L6Z7WMIVTRKDPKCu40="
				},
				"JSONStream": {
					"version": "1.3.4",
					"resolved": "https://registry.npmjs.org/JSONStream/-/JSONStream-1.3.4.tgz",
					"integrity": "sha512-Y7vfi3I5oMOYIr+WxV8NZxDSwcbNgzdKYsTNInmycOq9bUYwGg9ryu57Wg5NLmCjqdFPNUmpMBo3kSJN9tCbXg==",
					"requires": {
						"jsonparse": "1.3.1",
						"through": "2.3.8"
					}
				},
				"async": {
					"version": "2.6.1",
					"resolved": "https://registry.npmjs.org/async/-/async-2.6.1.tgz",
					"integrity": "sha512-fNEiL2+AZt6AlAw/29Cr0UDe4sRAHCpEHh54WMz+Bb7QfNcFw4h3loofyJpLeQs4Yx7yuqu/2dLgM5hKOs6HlQ==",
					"requires": {
						"lodash": "4.17.10"
					}
				},
				"async-hook-jl": {
					"version": "1.7.6",
					"resolved": "https://registry.npmjs.org/async-hook-jl/-/async-hook-jl-1.7.6.tgz",
					"integrity": "sha512-gFaHkFfSxTjvoxDMYqDuGHlcRyUuamF8s+ZTtJdDzqjws4mCt7v0vuV79/E2Wr2/riMQgtG4/yUtXWs1gZ7JMg==",
					"requires": {
						"stack-chain": "1.3.7"
					}
				},
				"balanced-match": {
					"version": "1.0.0",
					"resolved": "https://registry.npmjs.org/balanced-match/-/balanced-match-1.0.0.tgz",
					"integrity": "sha1-ibTRmasr7kneFk6gK4nORi1xt2c="
				},
				"boom": {
					"version": "7.2.0",
					"resolved": "https://registry.npmjs.org/boom/-/boom-7.2.0.tgz",
					"integrity": "sha1-K/8kpVVldn/ehp7ICDF+sQxI6WY=",
					"requires": {
						"hoek": "5.0.4"
					}
				},
				"brace-expansion": {
					"version": "1.1.11",
					"resolved": "https://registry.npmjs.org/brace-expansion/-/brace-expansion-1.1.11.tgz",
					"integrity": "sha512-iCuPHDFgrHX7H2vEI/5xpz07zSHB00TpugqhmYtVmMO6518mCuRMoOYFldEBl0g187ufozdaHgWKcYFb61qGiA==",
					"requires": {
						"balanced-match": "1.0.0",
						"concat-map": "0.0.1"
					}
				},
				"bson": {
					"version": "1.1.0",
					"resolved": "https://registry.npmjs.org/bson/-/bson-1.1.0.tgz",
					"integrity": "sha512-9Aeai9TacfNtWXOYarkFJRW2CWo+dRon+fuLZYJmvLV3+MiUp0bEI6IAZfXEIg7/Pl/7IWlLaDnhzTsD81etQA=="
				},
				"builtin-modules": {
					"version": "1.1.1",
					"resolved": "https://registry.npmjs.org/builtin-modules/-/builtin-modules-1.1.1.tgz",
					"integrity": "sha1-Jw8HbFpywC9bZaR9+Uxf46J4iS8="
				},
				"cjson": {
					"version": "0.2.1",
					"resolved": "https://registry.npmjs.org/cjson/-/cjson-0.2.1.tgz",
					"integrity": "sha1-c82KrWXZ4VBfmvF0TTt5wVJ2gqU="
				},
				"cls-hooked": {
					"version": "4.2.2",
					"resolved": "https://registry.npmjs.org/cls-hooked/-/cls-hooked-4.2.2.tgz",
					"integrity": "sha512-J4Xj5f5wq/4jAvcdgoGsL3G103BtWpZrMo8NEinRltN+xpTZdI+M38pyQqhuFU/P792xkMFvnKSf+Lm81U1bxw==",
					"requires": {
						"async-hook-jl": "1.7.6",
						"emitter-listener": "1.1.1",
						"semver": "5.5.1"
					}
				},
				"colors": {
					"version": "0.5.1",
					"resolved": "https://registry.npmjs.org/colors/-/colors-0.5.1.tgz",
					"integrity": "sha1-fQAj6usVTo7p/Oddy5I9DtFmd3Q="
				},
				"concat-map": {
					"version": "0.0.1",
					"resolved": "https://registry.npmjs.org/concat-map/-/concat-map-0.0.1.tgz",
					"integrity": "sha1-2Klr13/Wjfd5OnMDajug1UBdR3s="
				},
				"debug": {
					"version": "3.1.0",
					"resolved": "https://registry.npmjs.org/debug/-/debug-3.1.0.tgz",
					"integrity": "sha512-OX8XqP7/1a9cqkxYw2yXss15f26NKWBpDXQd0/uK/KPqdQhxbPa994hnzjcE2VqQpDslf55723cKPUOGSmMY3g==",
					"requires": {
						"ms": "2.0.0"
					}
				},
				"deep-is": {
					"version": "0.1.3",
					"resolved": "https://registry.npmjs.org/deep-is/-/deep-is-0.1.3.tgz",
					"integrity": "sha1-s2nW+128E+7PUk+RsHD+7cNXzzQ="
				},
				"deepmerge": {
					"version": "2.1.1",
					"resolved": "https://registry.npmjs.org/deepmerge/-/deepmerge-2.1.1.tgz",
					"integrity": "sha512-urQxA1smbLZ2cBbXbaYObM1dJ82aJ2H57A1C/Kklfh/ZN1bgH4G/n5KWhdNfOK11W98gqZfyYj7W4frJJRwA2w=="
				},
				"dottie": {
					"version": "2.0.0",
					"resolved": "https://registry.npmjs.org/dottie/-/dottie-2.0.0.tgz",
					"integrity": "sha1-2hkZgci41xPKARXViYzzl8Lw3dA="
				},
				"duplexer": {
					"version": "0.1.1",
					"resolved": "https://registry.npmjs.org/duplexer/-/duplexer-0.1.1.tgz",
					"integrity": "sha1-rOb/gIwc5mtX0ev5eXessCM0z8E="
				},
				"ebnf-parser": {
					"version": "0.1.10",
					"resolved": "https://registry.npmjs.org/ebnf-parser/-/ebnf-parser-0.1.10.tgz",
					"integrity": "sha1-zR9rpHfFY4xAyX7ZtXLbW6tdgzE="
				},
				"emitter-listener": {
					"version": "1.1.1",
					"resolved": "https://registry.npmjs.org/emitter-listener/-/emitter-listener-1.1.1.tgz",
					"integrity": "sha1-6Lu+gkS8jg0LTvcc0UKUx/JBx+w=",
					"requires": {
						"shimmer": "1.2.0"
					}
				},
				"error-ex": {
					"version": "1.3.2",
					"resolved": "https://registry.npmjs.org/error-ex/-/error-ex-1.3.2.tgz",
					"integrity": "sha512-7dFHNmqeFSEt2ZBsCriorKnn3Z2pj+fd9kmI6QoWw4//DL+icEBfc0U7qJCisqrTsKTjw4fNFy2pW9OqStD84g==",
					"requires": {
						"is-arrayish": "0.2.1"
					}
				},
				"escodegen": {
					"version": "0.0.21",
					"resolved": "https://registry.npmjs.org/escodegen/-/escodegen-0.0.21.tgz",
					"integrity": "sha1-U9ZSz6EDA4gnlFilJmxf/HCcY8M=",
					"requires": {
						"esprima": "1.0.4",
						"estraverse": "0.0.4",
						"source-map": "0.7.3"
					},
					"dependencies": {
						"esprima": {
							"version": "1.0.4",
							"resolved": "https://registry.npmjs.org/esprima/-/esprima-1.0.4.tgz",
							"integrity": "sha1-n1V+CPw7TSbs6d00+Pv0drYlha0="
						}
					}
				},
				"esprima": {
					"version": "4.0.1",
					"resolved": "https://registry.npmjs.org/esprima/-/esprima-4.0.1.tgz",
					"integrity": "sha512-eGuFFw7Upda+g4p+QHvnW0RyTX/SVeJBDM/gCtMARO0cLuT2HcEKnTPvhjV6aGeqrCB/sbNop0Kszm0jsaWU4A=="
				},
				"estraverse": {
					"version": "0.0.4",
					"resolved": "https://registry.npmjs.org/estraverse/-/estraverse-0.0.4.tgz",
					"integrity": "sha1-AaCTLf7ldGhKWYr1pnw7+bZCjbI="
				},
				"esutils": {
					"version": "2.0.2",
					"resolved": "https://registry.npmjs.org/esutils/-/esutils-2.0.2.tgz",
					"integrity": "sha1-Cr9PHKpbyx96nYrMbepPqqBLrJs="
				},
				"event-stream": {
					"version": "3.3.6",
					"resolved": "https://registry.npmjs.org/event-stream/-/event-stream-3.3.6.tgz",
					"integrity": "sha512-dGXNg4F/FgVzlApjzItL+7naHutA3fDqbV/zAZqDDlXTjiMnQmZKu+prImWKszeBM5UQeGvAl3u1wBiKeDh61g==",
					"requires": {
						"duplexer": "0.1.1",
						"flatmap-stream": "0.1.0",
						"from": "0.1.7",
						"map-stream": "0.0.7",
						"pause-stream": "0.0.11",
						"split": "1.0.1",
						"stream-combiner": "0.2.2",
						"through": "2.3.8"
					}
				},
				"fast-levenshtein": {
					"version": "2.0.6",
					"resolved": "https://registry.npmjs.org/fast-levenshtein/-/fast-levenshtein-2.0.6.tgz",
					"integrity": "sha1-PYpcZog6FqMMqGQ+hR8Zuqd5eRc="
				},
				"find-up": {
					"version": "3.0.0",
					"resolved": "https://registry.npmjs.org/find-up/-/find-up-3.0.0.tgz",
					"integrity": "sha512-1yD6RmLI1XBfxugvORwlck6f75tYL+iR0jqwsOrOxMZyGYqUuDhJ0l4AXdO1iX/FTs9cBAMEk1gWSEx1kSbylg==",
					"requires": {
						"locate-path": "3.0.0"
					}
				},
				"flatmap-stream": {
					"version": "0.1.0",
					"resolved": "https://registry.npmjs.org/flatmap-stream/-/flatmap-stream-0.1.0.tgz",
					"integrity": "sha512-Nlic4ZRYxikqnK5rj3YoxDVKGGtUjcNDUtvQ7XsdGLZmMwdUYnXf10o1zcXtzEZTBgc6GxeRpQxV/Wu3WPIIHA=="
				},
				"from": {
					"version": "0.1.7",
					"resolved": "https://registry.npmjs.org/from/-/from-0.1.7.tgz",
					"integrity": "sha1-g8YK/Fi5xWmXAH7Rp2izqzA6RP4="
				},
				"fs.realpath": {
					"version": "1.0.0",
					"resolved": "https://registry.npmjs.org/fs.realpath/-/fs.realpath-1.0.0.tgz",
					"integrity": "sha1-FQStJSMVjKpA20onh8sBQRmU6k8="
				},
				"glob": {
					"version": "7.1.3",
					"resolved": "https://registry.npmjs.org/glob/-/glob-7.1.3.tgz",
					"integrity": "sha512-vcfuiIxogLV4DlGBHIUOwI0IbrJ8HWPc4MU7HzviGeNho/UJDfi6B5p3sHeWIQ0KGIU0Jpxi5ZHxemQfLkkAwQ==",
					"requires": {
						"fs.realpath": "1.0.0",
						"inflight": "1.0.6",
						"inherits": "2.0.3",
						"minimatch": "3.0.4",
						"once": "1.4.0",
						"path-is-absolute": "1.0.1"
					}
				},
				"graceful-fs": {
					"version": "4.1.11",
					"resolved": "https://registry.npmjs.org/graceful-fs/-/graceful-fs-4.1.11.tgz",
					"integrity": "sha1-Dovf5NHduIVNZOBOp8AOKgJuVlg="
				},
				"hoek": {
					"version": "5.0.4",
					"resolved": "https://registry.npmjs.org/hoek/-/hoek-5.0.4.tgz",
					"integrity": "sha512-Alr4ZQgoMlnere5FZJsIyfIjORBqZll5POhDsF4q64dPuJR6rNxXdDxtHSQq8OXRurhmx+PWYEE8bXRROY8h0w=="
				},
				"hosted-git-info": {
					"version": "2.7.1",
					"resolved": "https://registry.npmjs.org/hosted-git-info/-/hosted-git-info-2.7.1.tgz",
					"integrity": "sha512-7T/BxH19zbcCTa8XkMlbK5lTo1WtgkFi3GvdWEyNuc4Vex7/9Dqbnpsf4JMydcfj9HCg4zUWFTL3Za6lapg5/w=="
				},
				"inflight": {
					"version": "1.0.6",
					"resolved": "https://registry.npmjs.org/inflight/-/inflight-1.0.6.tgz",
					"integrity": "sha1-Sb1jMdfQLQwJvJEKEHW6gWW1bfk=",
					"requires": {
						"once": "1.4.0",
						"wrappy": "1.0.2"
					}
				},
				"inherits": {
					"version": "2.0.3",
					"resolved": "https://registry.npmjs.org/inherits/-/inherits-2.0.3.tgz",
					"integrity": "sha1-Yzwsg+PaQqUC9SRmAiSA9CCCYd4="
				},
				"is-arrayish": {
					"version": "0.2.1",
					"resolved": "https://registry.npmjs.org/is-arrayish/-/is-arrayish-0.2.1.tgz",
					"integrity": "sha1-d8mYQFJ6qOyxqLppe4BkWnqSap0="
				},
				"is-builtin-module": {
					"version": "1.0.0",
					"resolved": "https://registry.npmjs.org/is-builtin-module/-/is-builtin-module-1.0.0.tgz",
					"integrity": "sha1-VAVy0096wxGfj3bDDLwbHgN6/74=",
					"requires": {
						"builtin-modules": "1.1.1"
					}
				},
				"jison": {
					"version": "0.4.13",
					"resolved": "https://registry.npmjs.org/jison/-/jison-0.4.13.tgz",
					"integrity": "sha1-kEFwfWIkE2f1iDRTK58ZwsNvrHg=",
					"requires": {
						"JSONSelect": "0.4.0",
						"cjson": "0.2.1",
						"ebnf-parser": "0.1.10",
						"escodegen": "0.0.21",
						"esprima": "1.0.4",
						"jison-lex": "0.2.1",
						"lex-parser": "0.1.4",
						"nomnom": "1.5.2"
					},
					"dependencies": {
						"esprima": {
							"version": "1.0.4",
							"resolved": "https://registry.npmjs.org/esprima/-/esprima-1.0.4.tgz",
							"integrity": "sha1-n1V+CPw7TSbs6d00+Pv0drYlha0="
						}
					}
				},
				"jison-lex": {
					"version": "0.2.1",
					"resolved": "https://registry.npmjs.org/jison-lex/-/jison-lex-0.2.1.tgz",
					"integrity": "sha1-rEuBXozOUTLrErXfz+jXB7iETf4=",
					"requires": {
						"lex-parser": "0.1.4",
						"nomnom": "1.5.2"
					}
				},
				"json-parse-better-errors": {
					"version": "1.0.2",
					"resolved": "https://registry.npmjs.org/json-parse-better-errors/-/json-parse-better-errors-1.0.2.tgz",
					"integrity": "sha512-mrqyZKfX5EhL7hvqcV6WG1yYjnjeuYDzDhhcAAUrq8Po85NBQBJP+ZDUT75qZQ98IkUoBqdkExkukOU7Ts2wrw=="
				},
				"jsonparse": {
					"version": "1.3.1",
					"resolved": "https://registry.npmjs.org/jsonparse/-/jsonparse-1.3.1.tgz",
					"integrity": "sha1-P02uSpH6wxX3EGL4UhzCOfE2YoA="
				},
				"jsonpath": {
					"version": "1.0.0",
					"resolved": "https://registry.npmjs.org/jsonpath/-/jsonpath-1.0.0.tgz",
					"integrity": "sha1-Rc2dTE0NaCXZC9fkD4PxGCsT3Qc=",
					"requires": {
						"esprima": "1.2.2",
						"jison": "0.4.13",
						"static-eval": "2.0.0",
						"underscore": "1.7.0"
					},
					"dependencies": {
						"esprima": {
							"version": "1.2.2",
							"resolved": "https://registry.npmjs.org/esprima/-/esprima-1.2.2.tgz",
							"integrity": "sha1-dqD9Zvz+FU/SkmZ9wmQBl1CxZXs="
						}
					}
				},
				"jsonschema": {
					"version": "1.2.4",
					"resolved": "https://registry.npmjs.org/jsonschema/-/jsonschema-1.2.4.tgz",
					"integrity": "sha512-lz1nOH69GbsVHeVgEdvyavc/33oymY1AZwtePMiMj4HZPMbP5OIKK3zT9INMWjwua/V4Z4yq7wSlBbSG+g4AEw=="
				},
				"levn": {
					"version": "0.3.0",
					"resolved": "https://registry.npmjs.org/levn/-/levn-0.3.0.tgz",
					"integrity": "sha1-OwmSTt+fCDwEkP3UwLxEIeBHZO4=",
					"requires": {
						"prelude-ls": "1.1.2",
						"type-check": "0.3.2"
					}
				},
				"lex-parser": {
					"version": "0.1.4",
					"resolved": "https://registry.npmjs.org/lex-parser/-/lex-parser-0.1.4.tgz",
					"integrity": "sha1-ZMTwJfF/1Tv7RXY/rrFvAVp0dVA="
				},
				"load-json-file": {
					"version": "4.0.0",
					"resolved": "https://registry.npmjs.org/load-json-file/-/load-json-file-4.0.0.tgz",
					"integrity": "sha1-L19Fq5HjMhYjT9U62rZo607AmTs=",
					"requires": {
						"graceful-fs": "4.1.11",
						"parse-json": "4.0.0",
						"pify": "3.0.0",
						"strip-bom": "3.0.0"
					}
				},
				"locate-path": {
					"version": "3.0.0",
					"resolved": "https://registry.npmjs.org/locate-path/-/locate-path-3.0.0.tgz",
					"integrity": "sha512-7AO748wWnIhNqAuaty2ZWHkQHRSNfPVIsPIfwEOWO22AmaoVrWavlOcMR5nzTLNYvp36X220/maaRsrec1G65A==",
					"requires": {
						"p-locate": "3.0.0",
						"path-exists": "3.0.0"
					}
				},
				"lodash": {
					"version": "4.17.10",
					"resolved": "https://registry.npmjs.org/lodash/-/lodash-4.17.10.tgz",
					"integrity": "sha512-UejweD1pDoXu+AD825lWwp4ZGtSwgnpZxb3JDViD7StjQz+Nb/6l093lx4OQ0foGWNRoc19mWy7BzL+UAK2iVg=="
				},
				"lodash.isfunction": {
					"version": "3.0.9",
					"resolved": "https://registry.npmjs.org/lodash.isfunction/-/lodash.isfunction-3.0.9.tgz",
					"integrity": "sha512-AirXNj15uRIMMPihnkInB4i3NHeb4iBtNg9WRWuK2o31S+ePwwNmDPaTL3o7dTJ+VXNZim7rFs4rxN4YU1oUJw=="
				},
				"lodash.transform": {
					"version": "4.6.0",
					"resolved": "https://registry.npmjs.org/lodash.transform/-/lodash.transform-4.6.0.tgz",
					"integrity": "sha1-EjBkIvYzJK7YSD0/ODMrX2cFR6A="
				},
				"lru-cache": {
					"version": "4.1.3",
					"resolved": "https://registry.npmjs.org/lru-cache/-/lru-cache-4.1.3.tgz",
					"integrity": "sha512-fFEhvcgzuIoJVUF8fYr5KR0YqxD238zgObTps31YdADwPPAp82a4M8TrckkWyx7ekNlf9aBcVn81cFwwXngrJA==",
					"requires": {
						"pseudomap": "1.0.2",
						"yallist": "2.1.2"
					}
				},
				"map-stream": {
					"version": "0.0.7",
					"resolved": "https://registry.npmjs.org/map-stream/-/map-stream-0.0.7.tgz",
					"integrity": "sha1-ih8HiW2CsQkmvTdEokIACfiJdKg="
				},
				"minimatch": {
					"version": "3.0.4",
					"resolved": "https://registry.npmjs.org/minimatch/-/minimatch-3.0.4.tgz",
					"integrity": "sha512-yJHVQEhyqPLUTgt9B83PXu6W3rx4MvvHvSUvToogpwoGDOUQ+yDrR0HRot+yOCdCO7u4hX3pWft6kWBBcqh0UA==",
					"requires": {
						"brace-expansion": "1.1.11"
					}
				},
				"minimist": {
					"version": "0.0.8",
					"resolved": "http://registry.npmjs.org/minimist/-/minimist-0.0.8.tgz",
					"integrity": "sha1-hX/Kv8M5fSYluCKCYuhqp6ARsF0="
				},
				"mkdirp": {
					"version": "0.5.1",
					"resolved": "http://registry.npmjs.org/mkdirp/-/mkdirp-0.5.1.tgz",
					"integrity": "sha1-MAV0OOrGz3+MR2fzhkjWaX11yQM=",
					"requires": {
						"minimist": "0.0.8"
					}
				},
				"moment": {
					"version": "2.22.2",
					"resolved": "https://registry.npmjs.org/moment/-/moment-2.22.2.tgz",
					"integrity": "sha1-PCV/mDn8DpP/UxSWMiOeuQeD/2Y="
				},
				"mongodb-extended-json": {
					"version": "1.10.0",
					"resolved": "https://registry.npmjs.org/mongodb-extended-json/-/mongodb-extended-json-1.10.0.tgz",
					"integrity": "sha1-3XptxRztmaMFIGIu6DoiN7Dqoxo=",
					"requires": {
						"JSONStream": "1.3.4",
						"async": "2.6.1",
						"bson": "1.1.0",
						"event-stream": "3.3.6",
						"lodash.isfunction": "3.0.9",
						"lodash.transform": "4.6.0",
						"moment": "2.22.2",
						"raf": "3.4.0"
					}
				},
				"ms": {
					"version": "2.0.0",
					"resolved": "https://registry.npmjs.org/ms/-/ms-2.0.0.tgz",
					"integrity": "sha1-VgiurfwAvmwpAd9fmGF4jeDVl8g="
				},
				"nanoid": {
					"version": "1.2.3",
					"resolved": "https://registry.npmjs.org/nanoid/-/nanoid-1.2.3.tgz",
					"integrity": "sha512-BAnxAdaihzMoszwhqRy8FPOX+dijs7esUEUYTIQ1KsOSKmCVNYnitAMmBDFxYzA6VQYvuUKw7o2K1AcMBTGzIg=="
				},
				"nomnom": {
					"version": "1.5.2",
					"resolved": "https://registry.npmjs.org/nomnom/-/nomnom-1.5.2.tgz",
					"integrity": "sha1-9DRUSKhTz71cDSYyDyR3qwUm/i8=",
					"requires": {
						"colors": "0.5.1",
						"underscore": "1.1.7"
					},
					"dependencies": {
						"underscore": {
							"version": "1.1.7",
							"resolved": "https://registry.npmjs.org/underscore/-/underscore-1.1.7.tgz",
							"integrity": "sha1-QLq4S60Z0jAJbo1u9ii/8FXYPbA="
						}
					}
				},
				"normalize-package-data": {
					"version": "2.4.0",
					"resolved": "https://registry.npmjs.org/normalize-package-data/-/normalize-package-data-2.4.0.tgz",
					"integrity": "sha512-9jjUFbTPfEy3R/ad/2oNbKtW9Hgovl5O1FvFWKkKblNXoN/Oou6+9+KKohPK13Yc3/TyunyWhJp6gvRNR/PPAw==",
					"requires": {
						"hosted-git-info": "2.7.1",
						"is-builtin-module": "1.0.0",
						"semver": "5.5.1",
						"validate-npm-package-license": "3.0.4"
					}
				},
				"once": {
					"version": "1.4.0",
					"resolved": "https://registry.npmjs.org/once/-/once-1.4.0.tgz",
					"integrity": "sha1-WDsap3WWHUsROsF9nFC6753Xa9E=",
					"requires": {
						"wrappy": "1.0.2"
					}
				},
				"optionator": {
					"version": "0.8.2",
					"resolved": "https://registry.npmjs.org/optionator/-/optionator-0.8.2.tgz",
					"integrity": "sha1-NkxeQJ0/TWMB1sC0wFu6UBgK62Q=",
					"requires": {
						"deep-is": "0.1.3",
						"fast-levenshtein": "2.0.6",
						"levn": "0.3.0",
						"prelude-ls": "1.1.2",
						"type-check": "0.3.2",
						"wordwrap": "1.0.0"
					}
				},
				"p-limit": {
					"version": "2.0.0",
					"resolved": "https://registry.npmjs.org/p-limit/-/p-limit-2.0.0.tgz",
					"integrity": "sha512-fl5s52lI5ahKCernzzIyAP0QAZbGIovtVHGwpcu1Jr/EpzLVDI2myISHwGqK7m8uQFugVWSrbxH7XnhGtvEc+A==",
					"requires": {
						"p-try": "2.0.0"
					}
				},
				"p-locate": {
					"version": "3.0.0",
					"resolved": "https://registry.npmjs.org/p-locate/-/p-locate-3.0.0.tgz",
					"integrity": "sha512-x+12w/To+4GFfgJhBEpiDcLozRJGegY+Ei7/z0tSLkMmxGZNybVMSfWj9aJn8Z5Fc7dBUNJOOVgPv2H7IwulSQ==",
					"requires": {
						"p-limit": "2.0.0"
					}
				},
				"p-try": {
					"version": "2.0.0",
					"resolved": "https://registry.npmjs.org/p-try/-/p-try-2.0.0.tgz",
					"integrity": "sha512-hMp0onDKIajHfIkdRk3P4CdCmErkYAxxDtP3Wx/4nZ3aGlau2VKh3mZpcuFkH27WQkL/3WBCPOktzA9ZOAnMQQ=="
				},
				"parse-json": {
					"version": "4.0.0",
					"resolved": "https://registry.npmjs.org/parse-json/-/parse-json-4.0.0.tgz",
					"integrity": "sha1-vjX1Qlvh9/bHRxhPmKeIy5lHfuA=",
					"requires": {
						"error-ex": "1.3.2",
						"json-parse-better-errors": "1.0.2"
					}
				},
				"path-exists": {
					"version": "3.0.0",
					"resolved": "https://registry.npmjs.org/path-exists/-/path-exists-3.0.0.tgz",
					"integrity": "sha1-zg6+ql94yxiSXqfYENe1mwEP1RU="
				},
				"path-is-absolute": {
					"version": "1.0.1",
					"resolved": "https://registry.npmjs.org/path-is-absolute/-/path-is-absolute-1.0.1.tgz",
					"integrity": "sha1-F0uSaHNVNP+8es5r9TpanhtcX18="
				},
				"path-type": {
					"version": "3.0.0",
					"resolved": "https://registry.npmjs.org/path-type/-/path-type-3.0.0.tgz",
					"integrity": "sha512-T2ZUsdZFHgA3u4e5PfPbjd7HDDpxPnQb5jN0SrDsjNSuVXHJqtwTnWqG0B1jZrgmJ/7lj1EmVIByWt1gxGkWvg==",
					"requires": {
						"pify": "3.0.0"
					}
				},
				"pause-stream": {
					"version": "0.0.11",
					"resolved": "https://registry.npmjs.org/pause-stream/-/pause-stream-0.0.11.tgz",
					"integrity": "sha1-/lo0sMvOErWqaitAPuLnO2AvFEU=",
					"requires": {
						"through": "2.3.8"
					}
				},
				"performance-now": {
					"version": "2.1.0",
					"resolved": "https://registry.npmjs.org/performance-now/-/performance-now-2.1.0.tgz",
					"integrity": "sha1-Ywn04OX6kT7BxpMHrjZLSzd8nns="
				},
				"pify": {
					"version": "3.0.0",
					"resolved": "https://registry.npmjs.org/pify/-/pify-3.0.0.tgz",
					"integrity": "sha1-5aSs0sEB/fPZpNB/DbxNtJ3SgXY="
				},
				"prelude-ls": {
					"version": "1.1.2",
					"resolved": "https://registry.npmjs.org/prelude-ls/-/prelude-ls-1.1.2.tgz",
					"integrity": "sha1-IZMqVJ9eUv/ZqCf1cOBL5iqX2lQ="
				},
				"pseudomap": {
					"version": "1.0.2",
					"resolved": "https://registry.npmjs.org/pseudomap/-/pseudomap-1.0.2.tgz",
					"integrity": "sha1-8FKijacOYYkX7wqKw0wa5aaChrM="
				},
				"raf": {
					"version": "3.4.0",
					"resolved": "https://registry.npmjs.org/raf/-/raf-3.4.0.tgz",
					"integrity": "sha512-pDP/NMRAXoTfrhCfyfSEwJAKLaxBU9eApMeBPB1TkDouZmvPerIClV8lTAd+uF8ZiTaVl69e1FCxQrAd/VTjGw==",
					"requires": {
						"performance-now": "2.1.0"
					}
				},
				"read-pkg": {
					"version": "3.0.0",
					"resolved": "https://registry.npmjs.org/read-pkg/-/read-pkg-3.0.0.tgz",
					"integrity": "sha1-nLxoaXj+5l0WwA4rGcI3/Pbjg4k=",
					"requires": {
						"load-json-file": "4.0.0",
						"normalize-package-data": "2.4.0",
						"path-type": "3.0.0"
					}
				},
				"read-pkg-up": {
					"version": "4.0.0",
					"resolved": "https://registry.npmjs.org/read-pkg-up/-/read-pkg-up-4.0.0.tgz",
					"integrity": "sha512-6etQSH7nJGsK0RbG/2TeDzZFa8shjQ1um+SwQQ5cwKy0dhSXdOncEhb1CPpvQG4h7FyOV6EB6YlV0yJvZQNAkA==",
					"requires": {
						"find-up": "3.0.0",
						"read-pkg": "3.0.0"
					}
				},
				"semver": {
					"version": "5.5.1",
					"resolved": "https://registry.npmjs.org/semver/-/semver-5.5.1.tgz",
					"integrity": "sha512-PqpAxfrEhlSUWge8dwIp4tZnQ25DIOthpiaHNIthsjEFQD6EvqUKUDM7L8O2rShkFccYo1VjJR0coWfNkCubRw=="
				},
				"shimmer": {
					"version": "1.2.0",
					"resolved": "https://registry.npmjs.org/shimmer/-/shimmer-1.2.0.tgz",
					"integrity": "sha512-xTCx2vohXC2EWWDqY/zb4+5Mu28D+HYNSOuFzsyRDRvI/e1ICb69afwaUwfjr+25ZXldbOLyp+iDUZHq8UnTag=="
				},
				"source-map": {
					"version": "0.7.3",
					"resolved": "https://registry.npmjs.org/source-map/-/source-map-0.7.3.tgz",
					"integrity": "sha512-CkCj6giN3S+n9qrYiBTX5gystlENnRW5jZeNLHpe6aue+SrHcG5VYwujhW9s4dY31mEGsxBDrHR6oI69fTXsaQ==",
					"optional": true
				},
				"spdx-correct": {
					"version": "3.0.0",
					"resolved": "https://registry.npmjs.org/spdx-correct/-/spdx-correct-3.0.0.tgz",
					"integrity": "sha512-N19o9z5cEyc8yQQPukRCZ9EUmb4HUpnrmaL/fxS2pBo2jbfcFRVuFZ/oFC+vZz0MNNk0h80iMn5/S6qGZOL5+g==",
					"requires": {
						"spdx-expression-parse": "3.0.0",
						"spdx-license-ids": "3.0.1"
					}
				},
				"spdx-exceptions": {
					"version": "2.1.0",
					"resolved": "https://registry.npmjs.org/spdx-exceptions/-/spdx-exceptions-2.1.0.tgz",
					"integrity": "sha512-4K1NsmrlCU1JJgUrtgEeTVyfx8VaYea9J9LvARxhbHtVtohPs/gFGG5yy49beySjlIMhhXZ4QqujIZEfS4l6Cg=="
				},
				"spdx-expression-parse": {
					"version": "3.0.0",
					"resolved": "https://registry.npmjs.org/spdx-expression-parse/-/spdx-expression-parse-3.0.0.tgz",
					"integrity": "sha512-Yg6D3XpRD4kkOmTpdgbUiEJFKghJH03fiC1OPll5h/0sO6neh2jqRDVHOQ4o/LMea0tgCkbMgea5ip/e+MkWyg==",
					"requires": {
						"spdx-exceptions": "2.1.0",
						"spdx-license-ids": "3.0.1"
					}
				},
				"spdx-license-ids": {
					"version": "3.0.1",
					"resolved": "https://registry.npmjs.org/spdx-license-ids/-/spdx-license-ids-3.0.1.tgz",
					"integrity": "sha512-TfOfPcYGBB5sDuPn3deByxPhmfegAhpDYKSOXZQN81Oyrrif8ZCodOLzK3AesELnCx03kikhyDwh0pfvvQvF8w=="
				},
				"split": {
					"version": "1.0.1",
					"resolved": "https://registry.npmjs.org/split/-/split-1.0.1.tgz",
					"integrity": "sha512-mTyOoPbrivtXnwnIxZRFYRrPNtEFKlpB2fvjSnCQUiAA6qAZzqwna5envK4uk6OIeP17CsdF3rSBGYVBsU0Tkg==",
					"requires": {
						"through": "2.3.8"
					}
				},
				"sprintf-js": {
					"version": "1.1.1",
					"resolved": "https://registry.npmjs.org/sprintf-js/-/sprintf-js-1.1.1.tgz",
					"integrity": "sha1-Nr54Mgr+WAH2zqPueLblqrlA6gw="
				},
				"stack-chain": {
					"version": "1.3.7",
					"resolved": "https://registry.npmjs.org/stack-chain/-/stack-chain-1.3.7.tgz",
					"integrity": "sha1-0ZLJ/06moiyUxN1FkXHj8AzqEoU="
				},
				"static-eval": {
					"version": "2.0.0",
					"resolved": "https://registry.npmjs.org/static-eval/-/static-eval-2.0.0.tgz",
					"integrity": "sha512-6flshd3F1Gwm+Ksxq463LtFd1liC77N/PX1FVVc3OzL3hAmo2fwHFbuArkcfi7s9rTNsLEhcRmXGFZhlgy40uw==",
					"requires": {
						"escodegen": "1.11.0"
					},
					"dependencies": {
						"escodegen": {
							"version": "1.11.0",
							"resolved": "https://registry.npmjs.org/escodegen/-/escodegen-1.11.0.tgz",
							"integrity": "sha512-IeMV45ReixHS53K/OmfKAIztN/igDHzTJUhZM3k1jMhIZWjk45SMwAtBsEXiJp3vSPmTcu6CXn7mDvFHRN66fw==",
							"requires": {
								"esprima": "3.1.3",
								"estraverse": "4.2.0",
								"esutils": "2.0.2",
								"optionator": "0.8.2",
								"source-map": "0.6.1"
							}
						},
						"esprima": {
							"version": "3.1.3",
							"resolved": "https://registry.npmjs.org/esprima/-/esprima-3.1.3.tgz",
							"integrity": "sha1-/cpRzuYTOJXjyI1TXOSdv/YqRjM="
						},
						"estraverse": {
							"version": "4.2.0",
							"resolved": "https://registry.npmjs.org/estraverse/-/estraverse-4.2.0.tgz",
							"integrity": "sha1-De4/7TH81GlhjOc0IJn8GvoL2xM="
						},
						"source-map": {
							"version": "0.6.1",
							"resolved": "https://registry.npmjs.org/source-map/-/source-map-0.6.1.tgz",
							"integrity": "sha512-UjgapumWlbMhkBgzT7Ykc5YXUT46F0iKu8SGXq0bcwP5dz/h0Plj6enJqjz1Zbq2l5WaqYnrVbwWOWMyF3F47g==",
							"optional": true
						}
					}
				},
				"stream-combiner": {
					"version": "0.2.2",
					"resolved": "https://registry.npmjs.org/stream-combiner/-/stream-combiner-0.2.2.tgz",
					"integrity": "sha1-rsjLrBd7Vrb0+kec7YwZEs7lKFg=",
					"requires": {
						"duplexer": "0.1.1",
						"through": "2.3.8"
					}
				},
				"strip-bom": {
					"version": "3.0.0",
					"resolved": "https://registry.npmjs.org/strip-bom/-/strip-bom-3.0.0.tgz",
					"integrity": "sha1-IzTBjpx1n3vdVv3vfprj1YjmjtM="
				},
				"through": {
					"version": "2.3.8",
					"resolved": "https://registry.npmjs.org/through/-/through-2.3.8.tgz",
					"integrity": "sha1-DdTJ/6q8NXlgsbckEV1+Doai4fU="
				},
				"type-check": {
					"version": "0.3.2",
					"resolved": "https://registry.npmjs.org/type-check/-/type-check-0.3.2.tgz",
					"integrity": "sha1-WITKtRLPHTVeP7eE8wgEsrUg23I=",
					"requires": {
						"prelude-ls": "1.1.2"
					}
				},
				"underscore": {
					"version": "1.7.0",
					"resolved": "https://registry.npmjs.org/underscore/-/underscore-1.7.0.tgz",
					"integrity": "sha1-a7rwh3UA02vjTsqlhODbn+8DUgk="
				},
				"underscore-query": {
					"version": "3.3.2",
					"resolved": "https://registry.npmjs.org/underscore-query/-/underscore-query-3.3.2.tgz",
					"integrity": "sha1-o3iK/YU0dsS6z2mZ3STt/2PKG3E="
				},
				"upath": {
					"version": "1.1.0",
					"resolved": "https://registry.npmjs.org/upath/-/upath-1.1.0.tgz",
					"integrity": "sha512-bzpH/oBhoS/QI/YtbkqCg6VEiPYjSZtrHQM6/QnJS6OL9pKUFLqb3aFh4Scvwm45+7iAgiMkLhSbaZxUqmrprw=="
				},
				"uuid": {
					"version": "3.3.2",
					"resolved": "https://registry.npmjs.org/uuid/-/uuid-3.3.2.tgz",
					"integrity": "sha512-yXJmeNaw3DnnKAOKJE51sL/ZaYfWJRl1pK9dr19YFCu0ObS231AB1/LbqTKRAQ5kw8A90rA6fr4riOUpTZvQZA=="
				},
				"validate-npm-package-license": {
					"version": "3.0.4",
					"resolved": "https://registry.npmjs.org/validate-npm-package-license/-/validate-npm-package-license-3.0.4.tgz",
					"integrity": "sha512-DpKm2Ui/xN7/HQKCtpZxoRWBhZ9Z0kqtygG8XCgNQ8ZlDnxuQmWhj566j8fN4Cu3/JmbhsDo7fcAJq4s9h27Ew==",
					"requires": {
						"spdx-correct": "3.0.0",
						"spdx-expression-parse": "3.0.0"
					}
				},
				"wordwrap": {
					"version": "1.0.0",
					"resolved": "https://registry.npmjs.org/wordwrap/-/wordwrap-1.0.0.tgz",
					"integrity": "sha1-J1hIEIkUVqQXHI0CJkQa3pDLyus="
				},
				"wrappy": {
					"version": "1.0.2",
					"resolved": "https://registry.npmjs.org/wrappy/-/wrappy-1.0.2.tgz",
					"integrity": "sha1-tSQ9jz7BqjXxNkYFvA0QNuMKtp8="
				},
				"yallist": {
					"version": "2.1.2",
					"resolved": "https://registry.npmjs.org/yallist/-/yallist-2.1.2.tgz",
					"integrity": "sha1-HBH5IY8HYImkfdUS+TxmmaaoHVI="
				}
			}
		},
		"@wmfs/tymly-users-plugin": {
			"version": "1.2.0",
			"resolved": "https://registry.npmjs.org/@wmfs/tymly-users-plugin/-/tymly-users-plugin-1.2.0.tgz",
			"integrity": "sha512-bwl6iv39C080nFvQUnYmfGAlECUEGk/iTV+d73ebmenXuraiyqmEWPFDSN2OkkxOa5Kfq/ddFqlWEmCZf1Buhw==",
			"requires": {
				"@wmfs/form-maker": "1.0.2",
				"debug": "3.1.0",
				"jsonfile": "4.0.0",
				"jsonpath": "1.0.0",
				"lodash": "4.17.10",
				"shasum": "1.0.2"
			},
			"dependencies": {
				"@wmfs/form-maker": {
					"version": "1.0.2",
					"resolved": "https://registry.npmjs.org/@wmfs/form-maker/-/form-maker-1.0.2.tgz",
					"integrity": "sha512-tbPQVWOrwYU6YNKZoApplgyCiq/WEoBaYxF0pZKS4wpnW04AqyLGnLHKoM9ZTF73ZjcDorF97+UTQGucdOEcVQ==",
					"requires": {
						"js-yaml": "3.12.0",
						"lodash": "4.17.10"
					}
				},
				"JSONSelect": {
					"version": "0.4.0",
					"resolved": "https://registry.npmjs.org/JSONSelect/-/JSONSelect-0.4.0.tgz",
					"integrity": "sha1-oI7cxn6z/L6Z7WMIVTRKDPKCu40="
				},
				"argparse": {
					"version": "1.0.10",
					"resolved": "https://registry.npmjs.org/argparse/-/argparse-1.0.10.tgz",
					"integrity": "sha512-o5Roy6tNG4SL/FOkCAN6RzjiakZS25RLYFrcMttJqbdd8BWrnA+fGz57iN5Pb06pvBGvl5gQ0B48dJlslXvoTg==",
					"requires": {
						"sprintf-js": "1.0.3"
					}
				},
				"cjson": {
					"version": "0.2.1",
					"resolved": "https://registry.npmjs.org/cjson/-/cjson-0.2.1.tgz",
					"integrity": "sha1-c82KrWXZ4VBfmvF0TTt5wVJ2gqU="
				},
				"colors": {
					"version": "0.5.1",
					"resolved": "https://registry.npmjs.org/colors/-/colors-0.5.1.tgz",
					"integrity": "sha1-fQAj6usVTo7p/Oddy5I9DtFmd3Q="
				},
				"debug": {
					"version": "3.1.0",
					"resolved": "https://registry.npmjs.org/debug/-/debug-3.1.0.tgz",
					"integrity": "sha512-OX8XqP7/1a9cqkxYw2yXss15f26NKWBpDXQd0/uK/KPqdQhxbPa994hnzjcE2VqQpDslf55723cKPUOGSmMY3g==",
					"requires": {
						"ms": "2.0.0"
					}
				},
				"deep-is": {
					"version": "0.1.3",
					"resolved": "https://registry.npmjs.org/deep-is/-/deep-is-0.1.3.tgz",
					"integrity": "sha1-s2nW+128E+7PUk+RsHD+7cNXzzQ="
				},
				"ebnf-parser": {
					"version": "0.1.10",
					"resolved": "https://registry.npmjs.org/ebnf-parser/-/ebnf-parser-0.1.10.tgz",
					"integrity": "sha1-zR9rpHfFY4xAyX7ZtXLbW6tdgzE="
				},
				"escodegen": {
					"version": "0.0.21",
					"resolved": "https://registry.npmjs.org/escodegen/-/escodegen-0.0.21.tgz",
					"integrity": "sha1-U9ZSz6EDA4gnlFilJmxf/HCcY8M=",
					"requires": {
						"esprima": "1.0.4",
						"estraverse": "0.0.4",
						"source-map": "0.7.3"
					},
					"dependencies": {
						"esprima": {
							"version": "1.0.4",
							"resolved": "https://registry.npmjs.org/esprima/-/esprima-1.0.4.tgz",
							"integrity": "sha1-n1V+CPw7TSbs6d00+Pv0drYlha0="
						}
					}
				},
				"esprima": {
					"version": "4.0.1",
					"resolved": "https://registry.npmjs.org/esprima/-/esprima-4.0.1.tgz",
					"integrity": "sha512-eGuFFw7Upda+g4p+QHvnW0RyTX/SVeJBDM/gCtMARO0cLuT2HcEKnTPvhjV6aGeqrCB/sbNop0Kszm0jsaWU4A=="
				},
				"estraverse": {
					"version": "0.0.4",
					"resolved": "https://registry.npmjs.org/estraverse/-/estraverse-0.0.4.tgz",
					"integrity": "sha1-AaCTLf7ldGhKWYr1pnw7+bZCjbI="
				},
				"esutils": {
					"version": "2.0.2",
					"resolved": "https://registry.npmjs.org/esutils/-/esutils-2.0.2.tgz",
					"integrity": "sha1-Cr9PHKpbyx96nYrMbepPqqBLrJs="
				},
				"fast-levenshtein": {
					"version": "2.0.6",
					"resolved": "https://registry.npmjs.org/fast-levenshtein/-/fast-levenshtein-2.0.6.tgz",
					"integrity": "sha1-PYpcZog6FqMMqGQ+hR8Zuqd5eRc="
				},
				"graceful-fs": {
					"version": "4.1.11",
					"resolved": "https://registry.npmjs.org/graceful-fs/-/graceful-fs-4.1.11.tgz",
					"integrity": "sha1-Dovf5NHduIVNZOBOp8AOKgJuVlg=",
					"optional": true
				},
				"inherits": {
					"version": "2.0.3",
					"resolved": "https://registry.npmjs.org/inherits/-/inherits-2.0.3.tgz",
					"integrity": "sha1-Yzwsg+PaQqUC9SRmAiSA9CCCYd4="
				},
				"jison": {
					"version": "0.4.13",
					"resolved": "https://registry.npmjs.org/jison/-/jison-0.4.13.tgz",
					"integrity": "sha1-kEFwfWIkE2f1iDRTK58ZwsNvrHg=",
					"requires": {
						"JSONSelect": "0.4.0",
						"cjson": "0.2.1",
						"ebnf-parser": "0.1.10",
						"escodegen": "0.0.21",
						"esprima": "1.0.4",
						"jison-lex": "0.2.1",
						"lex-parser": "0.1.4",
						"nomnom": "1.5.2"
					},
					"dependencies": {
						"esprima": {
							"version": "1.0.4",
							"resolved": "https://registry.npmjs.org/esprima/-/esprima-1.0.4.tgz",
							"integrity": "sha1-n1V+CPw7TSbs6d00+Pv0drYlha0="
						}
					}
				},
				"jison-lex": {
					"version": "0.2.1",
					"resolved": "https://registry.npmjs.org/jison-lex/-/jison-lex-0.2.1.tgz",
					"integrity": "sha1-rEuBXozOUTLrErXfz+jXB7iETf4=",
					"requires": {
						"lex-parser": "0.1.4",
						"nomnom": "1.5.2"
					}
				},
				"js-yaml": {
					"version": "3.12.0",
					"resolved": "https://registry.npmjs.org/js-yaml/-/js-yaml-3.12.0.tgz",
					"integrity": "sha512-PIt2cnwmPfL4hKNwqeiuz4bKfnzHTBv6HyVgjahA6mPLwPDzjDWrplJBMjHUFxku/N3FlmrbyPclad+I+4mJ3A==",
					"requires": {
						"argparse": "1.0.10",
						"esprima": "4.0.1"
					}
				},
				"json-stable-stringify": {
					"version": "0.0.1",
					"resolved": "https://registry.npmjs.org/json-stable-stringify/-/json-stable-stringify-0.0.1.tgz",
					"integrity": "sha1-YRwj6BTbN1Un34URk9tZ3Sryf0U=",
					"requires": {
						"jsonify": "0.0.0"
					}
				},
				"jsonfile": {
					"version": "4.0.0",
					"resolved": "https://registry.npmjs.org/jsonfile/-/jsonfile-4.0.0.tgz",
					"integrity": "sha1-h3Gq4HmbZAdrdmQPygWPnBDjPss=",
					"requires": {
						"graceful-fs": "4.1.11"
					}
				},
				"jsonify": {
					"version": "0.0.0",
					"resolved": "https://registry.npmjs.org/jsonify/-/jsonify-0.0.0.tgz",
					"integrity": "sha1-LHS27kHZPKUbe1qu6PUDYx0lKnM="
				},
				"jsonpath": {
					"version": "1.0.0",
					"resolved": "https://registry.npmjs.org/jsonpath/-/jsonpath-1.0.0.tgz",
					"integrity": "sha1-Rc2dTE0NaCXZC9fkD4PxGCsT3Qc=",
					"requires": {
						"esprima": "1.2.2",
						"jison": "0.4.13",
						"static-eval": "2.0.0",
						"underscore": "1.7.0"
					},
					"dependencies": {
						"esprima": {
							"version": "1.2.2",
							"resolved": "https://registry.npmjs.org/esprima/-/esprima-1.2.2.tgz",
							"integrity": "sha1-dqD9Zvz+FU/SkmZ9wmQBl1CxZXs="
						}
					}
				},
				"levn": {
					"version": "0.3.0",
					"resolved": "https://registry.npmjs.org/levn/-/levn-0.3.0.tgz",
					"integrity": "sha1-OwmSTt+fCDwEkP3UwLxEIeBHZO4=",
					"requires": {
						"prelude-ls": "1.1.2",
						"type-check": "0.3.2"
					}
				},
				"lex-parser": {
					"version": "0.1.4",
					"resolved": "https://registry.npmjs.org/lex-parser/-/lex-parser-0.1.4.tgz",
					"integrity": "sha1-ZMTwJfF/1Tv7RXY/rrFvAVp0dVA="
				},
				"lodash": {
					"version": "4.17.10",
					"resolved": "https://registry.npmjs.org/lodash/-/lodash-4.17.10.tgz",
					"integrity": "sha512-UejweD1pDoXu+AD825lWwp4ZGtSwgnpZxb3JDViD7StjQz+Nb/6l093lx4OQ0foGWNRoc19mWy7BzL+UAK2iVg=="
				},
				"ms": {
					"version": "2.0.0",
					"resolved": "https://registry.npmjs.org/ms/-/ms-2.0.0.tgz",
					"integrity": "sha1-VgiurfwAvmwpAd9fmGF4jeDVl8g="
				},
				"nomnom": {
					"version": "1.5.2",
					"resolved": "https://registry.npmjs.org/nomnom/-/nomnom-1.5.2.tgz",
					"integrity": "sha1-9DRUSKhTz71cDSYyDyR3qwUm/i8=",
					"requires": {
						"colors": "0.5.1",
						"underscore": "1.1.7"
					},
					"dependencies": {
						"underscore": {
							"version": "1.1.7",
							"resolved": "https://registry.npmjs.org/underscore/-/underscore-1.1.7.tgz",
							"integrity": "sha1-QLq4S60Z0jAJbo1u9ii/8FXYPbA="
						}
					}
				},
				"optionator": {
					"version": "0.8.2",
					"resolved": "https://registry.npmjs.org/optionator/-/optionator-0.8.2.tgz",
					"integrity": "sha1-NkxeQJ0/TWMB1sC0wFu6UBgK62Q=",
					"requires": {
						"deep-is": "0.1.3",
						"fast-levenshtein": "2.0.6",
						"levn": "0.3.0",
						"prelude-ls": "1.1.2",
						"type-check": "0.3.2",
						"wordwrap": "1.0.0"
					}
				},
				"prelude-ls": {
					"version": "1.1.2",
					"resolved": "https://registry.npmjs.org/prelude-ls/-/prelude-ls-1.1.2.tgz",
					"integrity": "sha1-IZMqVJ9eUv/ZqCf1cOBL5iqX2lQ="
				},
				"safe-buffer": {
					"version": "5.1.2",
					"resolved": "https://registry.npmjs.org/safe-buffer/-/safe-buffer-5.1.2.tgz",
					"integrity": "sha512-Gd2UZBJDkXlY7GbJxfsE8/nvKkUEU1G38c1siN6QP6a9PT9MmHB8GnpscSmMJSoF8LOIrt8ud/wPtojys4G6+g=="
				},
				"sha.js": {
					"version": "2.4.11",
					"resolved": "https://registry.npmjs.org/sha.js/-/sha.js-2.4.11.tgz",
					"integrity": "sha512-QMEp5B7cftE7APOjk5Y6xgrbWu+WkLVQwk8JNjZ8nKRciZaByEW6MubieAiToS7+dwvrjGhH8jRXz3MVd0AYqQ==",
					"requires": {
						"inherits": "2.0.3",
						"safe-buffer": "5.1.2"
					}
				},
				"shasum": {
					"version": "1.0.2",
					"resolved": "https://registry.npmjs.org/shasum/-/shasum-1.0.2.tgz",
					"integrity": "sha1-5wEjENj0F/TetXEhUOVni4euVl8=",
					"requires": {
						"json-stable-stringify": "0.0.1",
						"sha.js": "2.4.11"
					}
				},
				"source-map": {
					"version": "0.7.3",
					"resolved": "https://registry.npmjs.org/source-map/-/source-map-0.7.3.tgz",
					"integrity": "sha512-CkCj6giN3S+n9qrYiBTX5gystlENnRW5jZeNLHpe6aue+SrHcG5VYwujhW9s4dY31mEGsxBDrHR6oI69fTXsaQ==",
					"optional": true
				},
				"sprintf-js": {
					"version": "1.0.3",
					"resolved": "https://registry.npmjs.org/sprintf-js/-/sprintf-js-1.0.3.tgz",
					"integrity": "sha1-BOaSb2YolTVPPdAVIDYzuFcpfiw="
				},
				"static-eval": {
					"version": "2.0.0",
					"resolved": "https://registry.npmjs.org/static-eval/-/static-eval-2.0.0.tgz",
					"integrity": "sha512-6flshd3F1Gwm+Ksxq463LtFd1liC77N/PX1FVVc3OzL3hAmo2fwHFbuArkcfi7s9rTNsLEhcRmXGFZhlgy40uw==",
					"requires": {
						"escodegen": "1.11.0"
					},
					"dependencies": {
						"escodegen": {
							"version": "1.11.0",
							"resolved": "https://registry.npmjs.org/escodegen/-/escodegen-1.11.0.tgz",
							"integrity": "sha512-IeMV45ReixHS53K/OmfKAIztN/igDHzTJUhZM3k1jMhIZWjk45SMwAtBsEXiJp3vSPmTcu6CXn7mDvFHRN66fw==",
							"requires": {
								"esprima": "3.1.3",
								"estraverse": "4.2.0",
								"esutils": "2.0.2",
								"optionator": "0.8.2",
								"source-map": "0.6.1"
							}
						},
						"esprima": {
							"version": "3.1.3",
							"resolved": "https://registry.npmjs.org/esprima/-/esprima-3.1.3.tgz",
							"integrity": "sha1-/cpRzuYTOJXjyI1TXOSdv/YqRjM="
						},
						"estraverse": {
							"version": "4.2.0",
							"resolved": "https://registry.npmjs.org/estraverse/-/estraverse-4.2.0.tgz",
							"integrity": "sha1-De4/7TH81GlhjOc0IJn8GvoL2xM="
						},
						"source-map": {
							"version": "0.6.1",
							"resolved": "https://registry.npmjs.org/source-map/-/source-map-0.6.1.tgz",
							"integrity": "sha512-UjgapumWlbMhkBgzT7Ykc5YXUT46F0iKu8SGXq0bcwP5dz/h0Plj6enJqjz1Zbq2l5WaqYnrVbwWOWMyF3F47g==",
							"optional": true
						}
					}
				},
				"type-check": {
					"version": "0.3.2",
					"resolved": "https://registry.npmjs.org/type-check/-/type-check-0.3.2.tgz",
					"integrity": "sha1-WITKtRLPHTVeP7eE8wgEsrUg23I=",
					"requires": {
						"prelude-ls": "1.1.2"
					}
				},
				"underscore": {
					"version": "1.7.0",
					"resolved": "https://registry.npmjs.org/underscore/-/underscore-1.7.0.tgz",
					"integrity": "sha1-a7rwh3UA02vjTsqlhODbn+8DUgk="
				},
				"wordwrap": {
					"version": "1.0.0",
					"resolved": "https://registry.npmjs.org/wordwrap/-/wordwrap-1.0.0.tgz",
					"integrity": "sha1-J1hIEIkUVqQXHI0CJkQa3pDLyus="
				}
			}
		}
	}
}
